
Microsoft Visual Studio Solution File, Format Version 12.00
# Visual Studio Version 17
VisualStudioVersion = 17.7.34221.43
MinimumVisualStudioVersion = 10.0.40219.1
Project("{FAE04EC0-301F-11D3-BF4B-00C04F79EFBC}") = "Inlämning3", "Inlämning3\Inlämning3.csproj", "{0F51EB8A-A307-40B6-8AB9-05DAA50E3CFD}"
EndProject
Global
	GlobalSection(SolutionConfigurationPlatforms) = preSolution
		Debug|Any CPU = Debug|Any CPU
		Release|Any CPU = Release|Any CPU
	EndGlobalSection
	GlobalSection(ProjectConfigurationPlatforms) = postSolution
		{0F51EB8A-A307-40B6-8AB9-05DAA50E3CFD}.Debug|Any CPU.ActiveCfg = Debug|Any CPU
		{0F51EB8A-A307-40B6-8AB9-05DAA50E3CFD}.Debug|Any CPU.Build.0 = Debug|Any CPU
		{0F51EB8A-A307-40B6-8AB9-05DAA50E3CFD}.Release|Any CPU.ActiveCfg = Release|Any CPU
		{0F51EB8A-A307-40B6-8AB9-05DAA50E3CFD}.Release|Any CPU.Build.0 = Release|Any CPU
	EndGlobalSection
	GlobalSection(SolutionProperties) = preSolution
		HideSolutionNode = FALSE
	EndGlobalSection
	GlobalSection(ExtensibilityGlobals) = postSolution
		SolutionGuid = {B7EC815E-00E8-45B5-827E-BA64607C2052}
	EndGlobalSection
EndGlobal
